
Microsoft Visual Studio Solution File, Format Version 12.00
# Visual Studio Version 17
VisualStudioVersion = 17.14.36119.2
MinimumVisualStudioVersion = 10.0.40219.1
Project("{8BC9CEB8-8B4A-11D0-8D11-00A0C91BC942}") = "journal", "journal.vcxproj", "{7FC57468-A17F-4623-9320-E87E09D13803}"
EndProject
Global
	GlobalSection(SolutionConfigurationPlatforms) = preSolution
		Debug|x64 = Debug|x64
		Release|x64 = Release|x64
	EndGlobalSection
	GlobalSection(ProjectConfigurationPlatforms) = postSolution
		{7FC57468-A17F-4623-9320-E87E09D13803}.Debug|x64.ActiveCfg = Debug|x64
		{7FC57468-A17F-4623-9320-E87E09D13803}.Debug|x64.Build.0 = Debug|x64
		{7FC57468-A17F-4623-9320-E87E09D13803}.Release|x64.ActiveCfg = Release|x64
		{7FC57468-A17F-4623-9320-E87E09D13803}.Release|x64.Build.0 = Release|x64
	EndGlobalSection
	GlobalSection(SolutionProperties) = preSolution
		HideSolutionNode = FALSE
	EndGlobalSection
	GlobalSection(ExtensibilityGlobals) = postSolution
		SolutionGuid = {56151B5F-9664-4701-9243-C37B8645A458}
	EndGlobalSection
EndGlobal
